
Microsoft Visual Studio Solution File, Format Version 12.00
# Visual Studio Version 17
VisualStudioVersion = 17.7.34018.315
MinimumVisualStudioVersion = 10.0.40219.1
Project("{FAE04EC0-301F-11D3-BF4B-00C04F79EFBC}") = "GrpcService", "GrpcService\GrpcService.csproj", "{C4820DD1-50FE-44AA-AA94-FDC0E5EB3007}"
EndProject
Global
	GlobalSection(SolutionConfigurationPlatforms) = preSolution
		Debug|Any CPU = Debug|Any CPU
		Release|Any CPU = Release|Any CPU
	EndGlobalSection
	GlobalSection(ProjectConfigurationPlatforms) = postSolution
		{C4820DD1-50FE-44AA-AA94-FDC0E5EB3007}.Debug|Any CPU.ActiveCfg = Debug|Any CPU
		{C4820DD1-50FE-44AA-AA94-FDC0E5EB3007}.Debug|Any CPU.Build.0 = Debug|Any CPU
		{C4820DD1-50FE-44AA-AA94-FDC0E5EB3007}.Release|Any CPU.ActiveCfg = Release|Any CPU
		{C4820DD1-50FE-44AA-AA94-FDC0E5EB3007}.Release|Any CPU.Build.0 = Release|Any CPU
	EndGlobalSection
	GlobalSection(SolutionProperties) = preSolution
		HideSolutionNode = FALSE
	EndGlobalSection
	GlobalSection(ExtensibilityGlobals) = postSolution
		SolutionGuid = {F8B3537A-321F-45AF-AE4C-F01B5B007F8A}
	EndGlobalSection
EndGlobal
